
Microsoft Visual Studio Solution File, Format Version 12.00
# Visual Studio Version 17
VisualStudioVersion = 17.5.002.0
MinimumVisualStudioVersion = 10.0.40219.1
Project("{9A19103F-16F7-4668-BE54-9A1E7A4F7556}") = "BiliveDanmakuAgent", "BiliveDanmakuAgent.csproj", "{ED1A16E7-C8DD-4642-9F51-9C4B909447D7}"
EndProject
Project("{FAE04EC0-301F-11D3-BF4B-00C04F79EFBC}") = "Demo", "..\Demo\Demo.csproj", "{4D2FFCDC-5437-464F-B1F4-E5D4BAFE4FB9}"
EndProject
Global
	GlobalSection(SolutionConfigurationPlatforms) = preSolution
		Debug|Any CPU = Debug|Any CPU
		Release|Any CPU = Release|Any CPU
	EndGlobalSection
	GlobalSection(ProjectConfigurationPlatforms) = postSolution
		{ED1A16E7-C8DD-4642-9F51-9C4B909447D7}.Debug|Any CPU.ActiveCfg = Debug|Any CPU
		{ED1A16E7-C8DD-4642-9F51-9C4B909447D7}.Debug|Any CPU.Build.0 = Debug|Any CPU
		{ED1A16E7-C8DD-4642-9F51-9C4B909447D7}.Release|Any CPU.ActiveCfg = Release|Any CPU
		{ED1A16E7-C8DD-4642-9F51-9C4B909447D7}.Release|Any CPU.Build.0 = Release|Any CPU
		{4D2FFCDC-5437-464F-B1F4-E5D4BAFE4FB9}.Debug|Any CPU.ActiveCfg = Debug|Any CPU
		{4D2FFCDC-5437-464F-B1F4-E5D4BAFE4FB9}.Debug|Any CPU.Build.0 = Debug|Any CPU
		{4D2FFCDC-5437-464F-B1F4-E5D4BAFE4FB9}.Release|Any CPU.ActiveCfg = Release|Any CPU
		{4D2FFCDC-5437-464F-B1F4-E5D4BAFE4FB9}.Release|Any CPU.Build.0 = Release|Any CPU
	EndGlobalSection
	GlobalSection(SolutionProperties) = preSolution
		HideSolutionNode = FALSE
	EndGlobalSection
	GlobalSection(ExtensibilityGlobals) = postSolution
		SolutionGuid = {43D83836-78B4-40E7-A576-E54075510322}
	EndGlobalSection
EndGlobal
